{
  "nodes": {
    "firefox-gnome-theme": {
      "flake": false,
      "locked": {
        "lastModified": 1723137499,
        "narHash": "sha256-MOE9NeU2i6Ws1GhGmppMnjOHkNLl2MQMJmGhaMzdoJM=",
        "owner": "rafaelmardojai",
        "repo": "firefox-gnome-theme",
        "rev": "fb5b578a4f49ae8705e5fea0419242ed1b8dba70",
        "type": "github"
      },
      "original": {
        "owner": "rafaelmardojai",
        "repo": "firefox-gnome-theme",
        "type": "github"
      }
    },
    "home-manager": {
      "inputs": {
        "nixpkgs": [
          "nixpkgs"
        ]
      },
      "locked": {
        "lastModified": 1725948275,
        "narHash": "sha256-4QOPemDQ9VRLQaAdWuvdDBhh+lEUOAnSMHhdr4nS1mk=",
        "owner": "nix-community",
        "repo": "home-manager",
        "rev": "e5fa72bad0c6f533e8d558182529ee2acc9454fe",
        "type": "github"
      },
      "original": {
        "owner": "nix-community",
        "repo": "home-manager",
        "type": "github"
      }
    },
    "nixos-hardware": {
      "locked": {
        "lastModified": 1725885300,
        "narHash": "sha256-5RLEnou1/GJQl+Wd+Bxaj7QY7FFQ9wjnFq1VNEaxTmc=",
        "owner": "nixos",
        "repo": "nixos-hardware",
        "rev": "166dee4f88a7e3ba1b7a243edb1aca822f00680e",
        "type": "github"
      },
      "original": {
        "owner": "nixos",
        "repo": "nixos-hardware",
        "type": "github"
      }
    },
    "nixpkgs": {
      "locked": {
        "lastModified": 1725634671,
        "narHash": "sha256-v3rIhsJBOMLR8e/RNWxr828tB+WywYIoajrZKFM+0Gg=",
        "owner": "nixos",
        "repo": "nixpkgs",
        "rev": "574d1eac1c200690e27b8eb4e24887f8df7ac27c",
        "type": "github"
      },
      "original": {
        "owner": "nixos",
        "ref": "nixos-unstable",
        "repo": "nixpkgs",
        "type": "github"
      }
    },
    "nur": {
      "locked": {
        "lastModified": 1725949843,
        "narHash": "sha256-vGv6dWlwW6R6QFmbLkW7kxEvGrvZKsWio1Ztj9Rot8w=",
        "owner": "nix-community",
        "repo": "NUR",
        "rev": "4232cb810c157448c1283cda9de6f9551245f61a",
        "type": "github"
      },
      "original": {
        "owner": "nix-community",
        "repo": "NUR",
        "type": "github"
      }
    },
    "root": {
      "inputs": {
        "firefox-gnome-theme": "firefox-gnome-theme",
        "home-manager": "home-manager",
        "nixos-hardware": "nixos-hardware",
        "nixpkgs": "nixpkgs",
        "nur": "nur"
      }
    }
  },
  "root": "root",
  "version": 7
}
